
Microsoft Visual Studio Solution File, Format Version 12.00
# Visual Studio Version 17
VisualStudioVersion = 17.14.35906.104
MinimumVisualStudioVersion = 10.0.40219.1
Project("{FAE04EC0-301F-11D3-BF4B-00C04F79EFBC}") = "RealState.UI", "RealState.UI\RealState.UI.csproj", "{BC135E90-115F-41B7-99F3-5752F4AFB074}"
EndProject
Project("{FAE04EC0-301F-11D3-BF4B-00C04F79EFBC}") = "RealState.Dal", "RealState.Dal\RealState.Dal.csproj", "{499E08A9-F138-4310-A58E-D8F4FE363299}"
EndProject
Project("{FAE04EC0-301F-11D3-BF4B-00C04F79EFBC}") = "RealState.BusinessLogik", "RealState.BusinessLogik\RealState.BusinessLogik.csproj", "{F93CFD41-34A2-4C26-A9E2-6B6003B1C227}"
EndProject
Global
	GlobalSection(SolutionConfigurationPlatforms) = preSolution
		Debug|Any CPU = Debug|Any CPU
		Release|Any CPU = Release|Any CPU
	EndGlobalSection
	GlobalSection(ProjectConfigurationPlatforms) = postSolution
		{BC135E90-115F-41B7-99F3-5752F4AFB074}.Debug|Any CPU.ActiveCfg = Debug|Any CPU
		{BC135E90-115F-41B7-99F3-5752F4AFB074}.Debug|Any CPU.Build.0 = Debug|Any CPU
		{BC135E90-115F-41B7-99F3-5752F4AFB074}.Release|Any CPU.ActiveCfg = Release|Any CPU
		{BC135E90-115F-41B7-99F3-5752F4AFB074}.Release|Any CPU.Build.0 = Release|Any CPU
		{499E08A9-F138-4310-A58E-D8F4FE363299}.Debug|Any CPU.ActiveCfg = Debug|Any CPU
		{499E08A9-F138-4310-A58E-D8F4FE363299}.Debug|Any CPU.Build.0 = Debug|Any CPU
		{499E08A9-F138-4310-A58E-D8F4FE363299}.Release|Any CPU.ActiveCfg = Release|Any CPU
		{499E08A9-F138-4310-A58E-D8F4FE363299}.Release|Any CPU.Build.0 = Release|Any CPU
		{F93CFD41-34A2-4C26-A9E2-6B6003B1C227}.Debug|Any CPU.ActiveCfg = Debug|Any CPU
		{F93CFD41-34A2-4C26-A9E2-6B6003B1C227}.Debug|Any CPU.Build.0 = Debug|Any CPU
		{F93CFD41-34A2-4C26-A9E2-6B6003B1C227}.Release|Any CPU.ActiveCfg = Release|Any CPU
		{F93CFD41-34A2-4C26-A9E2-6B6003B1C227}.Release|Any CPU.Build.0 = Release|Any CPU
	EndGlobalSection
	GlobalSection(SolutionProperties) = preSolution
		HideSolutionNode = FALSE
	EndGlobalSection
	GlobalSection(ExtensibilityGlobals) = postSolution
		SolutionGuid = {DE351C0E-3C81-4025-9543-7B74DC4FD370}
	EndGlobalSection
EndGlobal
